
Microsoft Visual Studio Solution File, Format Version 12.00
# Visual Studio 15
VisualStudioVersion = 15.0.27130.2010
MinimumVisualStudioVersion = 10.0.40219.1
Project("{FAE04EC0-301F-11D3-BF4B-00C04F79EFBC}") = "Flogging.Core", "Flogging.Core\Flogging.Core.csproj", "{DBA96A90-80AB-4706-9A29-F0A502DEFE49}"
EndProject
Project("{FAE04EC0-301F-11D3-BF4B-00C04F79EFBC}") = "FloggingConsole", "FloggingConsole\FloggingConsole.csproj", "{0092AD09-3C8E-447F-B6BE-92C5F7F50D1B}"
EndProject
Global
	GlobalSection(SolutionConfigurationPlatforms) = preSolution
		Debug|Any CPU = Debug|Any CPU
		Release|Any CPU = Release|Any CPU
	EndGlobalSection
	GlobalSection(ProjectConfigurationPlatforms) = postSolution
		{DBA96A90-80AB-4706-9A29-F0A502DEFE49}.Debug|Any CPU.ActiveCfg = Debug|Any CPU
		{DBA96A90-80AB-4706-9A29-F0A502DEFE49}.Debug|Any CPU.Build.0 = Debug|Any CPU
		{DBA96A90-80AB-4706-9A29-F0A502DEFE49}.Release|Any CPU.ActiveCfg = Release|Any CPU
		{DBA96A90-80AB-4706-9A29-F0A502DEFE49}.Release|Any CPU.Build.0 = Release|Any CPU
		{0092AD09-3C8E-447F-B6BE-92C5F7F50D1B}.Debug|Any CPU.ActiveCfg = Debug|Any CPU
		{0092AD09-3C8E-447F-B6BE-92C5F7F50D1B}.Debug|Any CPU.Build.0 = Debug|Any CPU
		{0092AD09-3C8E-447F-B6BE-92C5F7F50D1B}.Release|Any CPU.ActiveCfg = Release|Any CPU
		{0092AD09-3C8E-447F-B6BE-92C5F7F50D1B}.Release|Any CPU.Build.0 = Release|Any CPU
	EndGlobalSection
	GlobalSection(SolutionProperties) = preSolution
		HideSolutionNode = FALSE
	EndGlobalSection
	GlobalSection(ExtensibilityGlobals) = postSolution
		SolutionGuid = {C564E8A0-E2C9-4681-A881-23ADAD9538B1}
	EndGlobalSection
EndGlobal
